
Microsoft Visual Studio Solution File, Format Version 12.00
# Visual Studio Version 16
VisualStudioVersion = 16.0.31402.337
MinimumVisualStudioVersion = 10.0.40219.1
Project("{9A19103F-16F7-4668-BE54-9A1E7A4F7556}") = "Garage1", "Garage1\Garage1.csproj", "{36095E55-C3EF-4D79-80B0-D5915B046707}"
EndProject
Project("{FAE04EC0-301F-11D3-BF4B-00C04F79EFBC}") = "Garage1Tests", "Garage1Tests\Garage1Tests.csproj", "{57E9D642-A79F-4C10-8FC9-DBC77C5681E5}"
EndProject
Global
	GlobalSection(SolutionConfigurationPlatforms) = preSolution
		Debug|Any CPU = Debug|Any CPU
		Release|Any CPU = Release|Any CPU
	EndGlobalSection
	GlobalSection(ProjectConfigurationPlatforms) = postSolution
		{36095E55-C3EF-4D79-80B0-D5915B046707}.Debug|Any CPU.ActiveCfg = Debug|Any CPU
		{36095E55-C3EF-4D79-80B0-D5915B046707}.Debug|Any CPU.Build.0 = Debug|Any CPU
		{36095E55-C3EF-4D79-80B0-D5915B046707}.Release|Any CPU.ActiveCfg = Release|Any CPU
		{36095E55-C3EF-4D79-80B0-D5915B046707}.Release|Any CPU.Build.0 = Release|Any CPU
		{57E9D642-A79F-4C10-8FC9-DBC77C5681E5}.Debug|Any CPU.ActiveCfg = Debug|Any CPU
		{57E9D642-A79F-4C10-8FC9-DBC77C5681E5}.Debug|Any CPU.Build.0 = Debug|Any CPU
		{57E9D642-A79F-4C10-8FC9-DBC77C5681E5}.Release|Any CPU.ActiveCfg = Release|Any CPU
		{57E9D642-A79F-4C10-8FC9-DBC77C5681E5}.Release|Any CPU.Build.0 = Release|Any CPU
	EndGlobalSection
	GlobalSection(SolutionProperties) = preSolution
		HideSolutionNode = FALSE
	EndGlobalSection
	GlobalSection(ExtensibilityGlobals) = postSolution
		SolutionGuid = {4DD57F50-B525-421C-A0BA-338253C8F5CD}
	EndGlobalSection
EndGlobal
